
Microsoft Visual Studio Solution File, Format Version 12.00
# Visual Studio Version 17
VisualStudioVersion = 17.7.34221.43
MinimumVisualStudioVersion = 10.0.40219.1
Project("{FAE04EC0-301F-11D3-BF4B-00C04F79EFBC}") = "AssetAssistant", "AssetAssistant\AssetAssistant.csproj", "{A1B8DA44-407F-4626-A73B-98E10A11C333}"
EndProject
Project("{FAE04EC0-301F-11D3-BF4B-00C04F79EFBC}") = "Tooklit", "Tooklit\Tooklit.csproj", "{36277517-7475-4382-A417-793CBDF86CB4}"
EndProject
Global
	GlobalSection(SolutionConfigurationPlatforms) = preSolution
		Debug|Any CPU = Debug|Any CPU
		Release|Any CPU = Release|Any CPU
	EndGlobalSection
	GlobalSection(ProjectConfigurationPlatforms) = postSolution
		{A1B8DA44-407F-4626-A73B-98E10A11C333}.Debug|Any CPU.ActiveCfg = Debug|Any CPU
		{A1B8DA44-407F-4626-A73B-98E10A11C333}.Debug|Any CPU.Build.0 = Debug|Any CPU
		{A1B8DA44-407F-4626-A73B-98E10A11C333}.Release|Any CPU.ActiveCfg = Release|Any CPU
		{A1B8DA44-407F-4626-A73B-98E10A11C333}.Release|Any CPU.Build.0 = Release|Any CPU
		{36277517-7475-4382-A417-793CBDF86CB4}.Debug|Any CPU.ActiveCfg = Debug|Any CPU
		{36277517-7475-4382-A417-793CBDF86CB4}.Debug|Any CPU.Build.0 = Debug|Any CPU
		{36277517-7475-4382-A417-793CBDF86CB4}.Release|Any CPU.ActiveCfg = Release|Any CPU
		{36277517-7475-4382-A417-793CBDF86CB4}.Release|Any CPU.Build.0 = Release|Any CPU
	EndGlobalSection
	GlobalSection(SolutionProperties) = preSolution
		HideSolutionNode = FALSE
	EndGlobalSection
	GlobalSection(ExtensibilityGlobals) = postSolution
		SolutionGuid = {37F6ACB9-ADC7-40E2-AF42-D8B53948231F}
	EndGlobalSection
EndGlobal
