Microsoft Visual Studio Solution File, Format Version 12.00
# Visual Studio Version 16
VisualStudioVersion = 16.0.31911.196
MinimumVisualStudioVersion = 10.0.40219.1
Project("{FAE04EC0-301F-11D3-BF4B-00C04F79EFBC}") = "AssetAssistant", "AssetAssistant.csproj", "{B19CA85C-9BB1-42DE-B1F0-8B74BEB6691B}"
EndProject
Project("{FAE04EC0-301F-11D3-BF4B-00C04F79EFBC}") = "Example", "..\Example\Example.csproj", "{344A8128-5447-477E-B165-BBD43E424954}"
EndProject
Global
	GlobalSection(SolutionConfigurationPlatforms) = preSolution
		Debug|Any CPU = Debug|Any CPU
		Release|Any CPU = Release|Any CPU
	EndGlobalSection
	GlobalSection(ProjectConfigurationPlatforms) = postSolution
		{B19CA85C-9BB1-42DE-B1F0-8B74BEB6691B}.Debug|Any CPU.ActiveCfg = Debug|Any CPU
		{B19CA85C-9BB1-42DE-B1F0-8B74BEB6691B}.Debug|Any CPU.Build.0 = Debug|Any CPU
		{B19CA85C-9BB1-42DE-B1F0-8B74BEB6691B}.Release|Any CPU.ActiveCfg = Release|Any CPU
		{B19CA85C-9BB1-42DE-B1F0-8B74BEB6691B}.Release|Any CPU.Build.0 = Release|Any CPU
		{344A8128-5447-477E-B165-BBD43E424954}.Debug|Any CPU.ActiveCfg = Debug|Any CPU
		{344A8128-5447-477E-B165-BBD43E424954}.Debug|Any CPU.Build.0 = Debug|Any CPU
		{344A8128-5447-477E-B165-BBD43E424954}.Release|Any CPU.ActiveCfg = Release|Any CPU
		{344A8128-5447-477E-B165-BBD43E424954}.Release|Any CPU.Build.0 = Release|Any CPU
	EndGlobalSection
	GlobalSection(SolutionProperties) = preSolution
		HideSolutionNode = FALSE
	EndGlobalSection
	GlobalSection(ExtensibilityGlobals) = postSolution
		SolutionGuid = {C01B44B7-151F-49BD-9AE4-20CDFD8F4B68}
	EndGlobalSection
EndGlobal
